{
  "requires": true,
  "lockfileVersion": 1,
  "dependencies": {
    "@fawmi/vue-google-maps": {
      "version": "0.9.3",
      "resolved": "https://registry.npmjs.org/@fawmi/vue-google-maps/-/vue-google-maps-0.9.3.tgz",
      "integrity": "sha512-LYtl1fv5IzbiOB99p8fEA09bmgfpOGNmN/MYUXwwh834U+uh2IkEYeijeipFOmw8wADm5RIEJVHOk1cDTgFmtA==",
      "requires": {
        "marker-clusterer-plus": "^2.1.4"
      }
    },
    "marker-clusterer-plus": {
      "version": "2.1.4",
      "resolved": "https://registry.npmjs.org/marker-clusterer-plus/-/marker-clusterer-plus-2.1.4.tgz",
      "integrity": "sha1-+O/3TVmdqzt9Dj/tUmTqDnBPXWc="
    }
  }
}
